
Microsoft Visual Studio Solution File, Format Version 12.00
# Visual Studio Version 17
VisualStudioVersion = 17.9.34728.123
MinimumVisualStudioVersion = 10.0.40219.1
Project("{FAE04EC0-301F-11D3-BF4B-00C04F79EFBC}") = "NguyenSyBenWPF", "NguyenSyBenWPF\NguyenSyBenWPF.csproj", "{3144A4AD-D22D-4D33-8E9A-22A4BC084E40}"
EndProject
Project("{FAE04EC0-301F-11D3-BF4B-00C04F79EFBC}") = "FUMiniHotelSystem.Business", "FUMiniHotelSystem.Business\FUMiniHotelSystem.Business.csproj", "{E25846AB-EDCD-4710-9158-BBCB169A9B5B}"
EndProject
Project("{FAE04EC0-301F-11D3-BF4B-00C04F79EFBC}") = "FUMiniHotelSystem.Data", "FUMiniHotelSystem.Data\FUMiniHotelSystem.Data.csproj", "{6BA79EFC-9A15-4289-9897-71380B3679F9}"
EndProject
Project("{FAE04EC0-301F-11D3-BF4B-00C04F79EFBC}") = "FUMiniHotelSystem.Repositories", "FUMiniHotelSystem.Repositories\FUMiniHotelSystem.Repositories.csproj", "{800A2F1B-D295-4664-B351-A3918F1576C1}"
EndProject
Global
	GlobalSection(SolutionConfigurationPlatforms) = preSolution
		Debug|Any CPU = Debug|Any CPU
		Release|Any CPU = Release|Any CPU
	EndGlobalSection
	GlobalSection(ProjectConfigurationPlatforms) = postSolution
		{3144A4AD-D22D-4D33-8E9A-22A4BC084E40}.Debug|Any CPU.ActiveCfg = Debug|Any CPU
		{3144A4AD-D22D-4D33-8E9A-22A4BC084E40}.Debug|Any CPU.Build.0 = Debug|Any CPU
		{3144A4AD-D22D-4D33-8E9A-22A4BC084E40}.Release|Any CPU.ActiveCfg = Release|Any CPU
		{3144A4AD-D22D-4D33-8E9A-22A4BC084E40}.Release|Any CPU.Build.0 = Release|Any CPU
		{E25846AB-EDCD-4710-9158-BBCB169A9B5B}.Debug|Any CPU.ActiveCfg = Debug|Any CPU
		{E25846AB-EDCD-4710-9158-BBCB169A9B5B}.Debug|Any CPU.Build.0 = Debug|Any CPU
		{E25846AB-EDCD-4710-9158-BBCB169A9B5B}.Release|Any CPU.ActiveCfg = Release|Any CPU
		{E25846AB-EDCD-4710-9158-BBCB169A9B5B}.Release|Any CPU.Build.0 = Release|Any CPU
		{6BA79EFC-9A15-4289-9897-71380B3679F9}.Debug|Any CPU.ActiveCfg = Debug|Any CPU
		{6BA79EFC-9A15-4289-9897-71380B3679F9}.Debug|Any CPU.Build.0 = Debug|Any CPU
		{6BA79EFC-9A15-4289-9897-71380B3679F9}.Release|Any CPU.ActiveCfg = Release|Any CPU
		{6BA79EFC-9A15-4289-9897-71380B3679F9}.Release|Any CPU.Build.0 = Release|Any CPU
		{800A2F1B-D295-4664-B351-A3918F1576C1}.Debug|Any CPU.ActiveCfg = Debug|Any CPU
		{800A2F1B-D295-4664-B351-A3918F1576C1}.Debug|Any CPU.Build.0 = Debug|Any CPU
		{800A2F1B-D295-4664-B351-A3918F1576C1}.Release|Any CPU.ActiveCfg = Release|Any CPU
		{800A2F1B-D295-4664-B351-A3918F1576C1}.Release|Any CPU.Build.0 = Release|Any CPU
	EndGlobalSection
	GlobalSection(SolutionProperties) = preSolution
		HideSolutionNode = FALSE
	EndGlobalSection
	GlobalSection(ExtensibilityGlobals) = postSolution
		SolutionGuid = {A8D4A603-218E-44FE-B873-FDD2A35235D4}
	EndGlobalSection
EndGlobal
